
Microsoft Visual Studio Solution File, Format Version 12.00
# Visual Studio Version 17
VisualStudioVersion = 17.5.2.0
MinimumVisualStudioVersion = 10.0.40219.1
Project("{2150E333-8FDC-42A3-9474-1A3956D46DE8}") = "src", "src", "{827E0CD3-B72D-47B6-A68D-7590B98EB39B}"
EndProject
Project("{FAE04EC0-301F-11D3-BF4B-00C04F79EFBC}") = "catalog-api", "src\catalog-api\catalog-api.csproj", "{4F301B29-E47F-50F9-61F7-4B15E412488F}"
EndProject
Project("{FAE04EC0-301F-11D3-BF4B-00C04F79EFBC}") = "checkout-api", "src\checkout-api\checkout-api.csproj", "{16C9562D-28EC-48D0-A707-8CDE1A2297D8}"
EndProject
Project("{FAE04EC0-301F-11D3-BF4B-00C04F79EFBC}") = "backoffice-api", "src\backoffice-api\backoffice-api.csproj", "{BD4DE157-23AD-4859-A970-3523AE861868}"
EndProject
Project("{FAE04EC0-301F-11D3-BF4B-00C04F79EFBC}") = "customer-api", "src\customer-api\customer-api.csproj", "{903B8BA9-63F0-4966-9D92-2EDDAAD64680}"
EndProject
Project("{FAE04EC0-301F-11D3-BF4B-00C04F79EFBC}") = "invoicing-api", "src\invoicing-api\invoicing-api.csproj", "{3D3400C5-F457-456C-9017-FF85731012A5}"
EndProject
Project("{FAE04EC0-301F-11D3-BF4B-00C04F79EFBC}") = "notifications-api", "src\notifications-api\notifications-api.csproj", "{2FFA8847-BA59-4C15-AEB4-B8FD140DCE58}"
EndProject
Project("{FAE04EC0-301F-11D3-BF4B-00C04F79EFBC}") = "subscriptions-api", "src\subscriptions-api\subscriptions-api.csproj", "{EE691D33-3754-4E42-96C7-AB2AF43A3763}"
EndProject
Project("{FAE04EC0-301F-11D3-BF4B-00C04F79EFBC}") = "webhook-api", "src\webhook-api\webhook-api.csproj", "{64E27C01-F9D0-4150-912E-027D18FA9599}"
EndProject
Project("{FAE04EC0-301F-11D3-BF4B-00C04F79EFBC}") = "Core", "src\Core\Core.csproj", "{A7EAE210-4BEF-4EF5-9ECF-BB70AA0FB1CF}"
EndProject
Global
	GlobalSection(SolutionConfigurationPlatforms) = preSolution
		Debug|Any CPU = Debug|Any CPU
		Debug|x64 = Debug|x64
		Debug|x86 = Debug|x86
		Release|Any CPU = Release|Any CPU
		Release|x64 = Release|x64
		Release|x86 = Release|x86
	EndGlobalSection
	GlobalSection(ProjectConfigurationPlatforms) = postSolution
		{4F301B29-E47F-50F9-61F7-4B15E412488F}.Debug|Any CPU.ActiveCfg = Debug|Any CPU
		{4F301B29-E47F-50F9-61F7-4B15E412488F}.Debug|Any CPU.Build.0 = Debug|Any CPU
		{4F301B29-E47F-50F9-61F7-4B15E412488F}.Debug|x64.ActiveCfg = Debug|Any CPU
		{4F301B29-E47F-50F9-61F7-4B15E412488F}.Debug|x64.Build.0 = Debug|Any CPU
		{4F301B29-E47F-50F9-61F7-4B15E412488F}.Debug|x86.ActiveCfg = Debug|Any CPU
		{4F301B29-E47F-50F9-61F7-4B15E412488F}.Debug|x86.Build.0 = Debug|Any CPU
		{4F301B29-E47F-50F9-61F7-4B15E412488F}.Release|Any CPU.ActiveCfg = Release|Any CPU
		{4F301B29-E47F-50F9-61F7-4B15E412488F}.Release|Any CPU.Build.0 = Release|Any CPU
		{4F301B29-E47F-50F9-61F7-4B15E412488F}.Release|x64.ActiveCfg = Release|Any CPU
		{4F301B29-E47F-50F9-61F7-4B15E412488F}.Release|x64.Build.0 = Release|Any CPU
		{4F301B29-E47F-50F9-61F7-4B15E412488F}.Release|x86.ActiveCfg = Release|Any CPU
		{4F301B29-E47F-50F9-61F7-4B15E412488F}.Release|x86.Build.0 = Release|Any CPU
		{16C9562D-28EC-48D0-A707-8CDE1A2297D8}.Debug|Any CPU.ActiveCfg = Debug|Any CPU
		{16C9562D-28EC-48D0-A707-8CDE1A2297D8}.Debug|Any CPU.Build.0 = Debug|Any CPU
		{16C9562D-28EC-48D0-A707-8CDE1A2297D8}.Debug|x64.ActiveCfg = Debug|Any CPU
		{16C9562D-28EC-48D0-A707-8CDE1A2297D8}.Debug|x64.Build.0 = Debug|Any CPU
		{16C9562D-28EC-48D0-A707-8CDE1A2297D8}.Debug|x86.ActiveCfg = Debug|Any CPU
		{16C9562D-28EC-48D0-A707-8CDE1A2297D8}.Debug|x86.Build.0 = Debug|Any CPU
		{16C9562D-28EC-48D0-A707-8CDE1A2297D8}.Release|Any CPU.ActiveCfg = Release|Any CPU
		{16C9562D-28EC-48D0-A707-8CDE1A2297D8}.Release|Any CPU.Build.0 = Release|Any CPU
		{16C9562D-28EC-48D0-A707-8CDE1A2297D8}.Release|x64.ActiveCfg = Release|Any CPU
		{16C9562D-28EC-48D0-A707-8CDE1A2297D8}.Release|x64.Build.0 = Release|Any CPU
		{16C9562D-28EC-48D0-A707-8CDE1A2297D8}.Release|x86.ActiveCfg = Release|Any CPU
		{16C9562D-28EC-48D0-A707-8CDE1A2297D8}.Release|x86.Build.0 = Release|Any CPU
		{BD4DE157-23AD-4859-A970-3523AE861868}.Debug|Any CPU.ActiveCfg = Debug|Any CPU
		{BD4DE157-23AD-4859-A970-3523AE861868}.Debug|Any CPU.Build.0 = Debug|Any CPU
		{BD4DE157-23AD-4859-A970-3523AE861868}.Debug|x64.ActiveCfg = Debug|Any CPU
		{BD4DE157-23AD-4859-A970-3523AE861868}.Debug|x64.Build.0 = Debug|Any CPU
		{BD4DE157-23AD-4859-A970-3523AE861868}.Debug|x86.ActiveCfg = Debug|Any CPU
		{BD4DE157-23AD-4859-A970-3523AE861868}.Debug|x86.Build.0 = Debug|Any CPU
		{BD4DE157-23AD-4859-A970-3523AE861868}.Release|Any CPU.ActiveCfg = Release|Any CPU
		{BD4DE157-23AD-4859-A970-3523AE861868}.Release|Any CPU.Build.0 = Release|Any CPU
		{BD4DE157-23AD-4859-A970-3523AE861868}.Release|x64.ActiveCfg = Release|Any CPU
		{BD4DE157-23AD-4859-A970-3523AE861868}.Release|x64.Build.0 = Release|Any CPU
		{BD4DE157-23AD-4859-A970-3523AE861868}.Release|x86.ActiveCfg = Release|Any CPU
		{BD4DE157-23AD-4859-A970-3523AE861868}.Release|x86.Build.0 = Release|Any CPU
		{903B8BA9-63F0-4966-9D92-2EDDAAD64680}.Debug|Any CPU.ActiveCfg = Debug|Any CPU
		{903B8BA9-63F0-4966-9D92-2EDDAAD64680}.Debug|Any CPU.Build.0 = Debug|Any CPU
		{903B8BA9-63F0-4966-9D92-2EDDAAD64680}.Debug|x64.ActiveCfg = Debug|Any CPU
		{903B8BA9-63F0-4966-9D92-2EDDAAD64680}.Debug|x64.Build.0 = Debug|Any CPU
		{903B8BA9-63F0-4966-9D92-2EDDAAD64680}.Debug|x86.ActiveCfg = Debug|Any CPU
		{903B8BA9-63F0-4966-9D92-2EDDAAD64680}.Debug|x86.Build.0 = Debug|Any CPU
		{903B8BA9-63F0-4966-9D92-2EDDAAD64680}.Release|Any CPU.ActiveCfg = Release|Any CPU
		{903B8BA9-63F0-4966-9D92-2EDDAAD64680}.Release|Any CPU.Build.0 = Release|Any CPU
		{903B8BA9-63F0-4966-9D92-2EDDAAD64680}.Release|x64.ActiveCfg = Release|Any CPU
		{903B8BA9-63F0-4966-9D92-2EDDAAD64680}.Release|x64.Build.0 = Release|Any CPU
		{903B8BA9-63F0-4966-9D92-2EDDAAD64680}.Release|x86.ActiveCfg = Release|Any CPU
		{903B8BA9-63F0-4966-9D92-2EDDAAD64680}.Release|x86.Build.0 = Release|Any CPU
		{3D3400C5-F457-456C-9017-FF85731012A5}.Debug|Any CPU.ActiveCfg = Debug|Any CPU
		{3D3400C5-F457-456C-9017-FF85731012A5}.Debug|Any CPU.Build.0 = Debug|Any CPU
		{3D3400C5-F457-456C-9017-FF85731012A5}.Debug|x64.ActiveCfg = Debug|Any CPU
		{3D3400C5-F457-456C-9017-FF85731012A5}.Debug|x64.Build.0 = Debug|Any CPU
		{3D3400C5-F457-456C-9017-FF85731012A5}.Debug|x86.ActiveCfg = Debug|Any CPU
		{3D3400C5-F457-456C-9017-FF85731012A5}.Debug|x86.Build.0 = Debug|Any CPU
		{3D3400C5-F457-456C-9017-FF85731012A5}.Release|Any CPU.ActiveCfg = Release|Any CPU
		{3D3400C5-F457-456C-9017-FF85731012A5}.Release|Any CPU.Build.0 = Release|Any CPU
		{3D3400C5-F457-456C-9017-FF85731012A5}.Release|x64.ActiveCfg = Release|Any CPU
		{3D3400C5-F457-456C-9017-FF85731012A5}.Release|x64.Build.0 = Release|Any CPU
		{3D3400C5-F457-456C-9017-FF85731012A5}.Release|x86.ActiveCfg = Release|Any CPU
		{3D3400C5-F457-456C-9017-FF85731012A5}.Release|x86.Build.0 = Release|Any CPU
		{2FFA8847-BA59-4C15-AEB4-B8FD140DCE58}.Debug|Any CPU.ActiveCfg = Debug|Any CPU
		{2FFA8847-BA59-4C15-AEB4-B8FD140DCE58}.Debug|Any CPU.Build.0 = Debug|Any CPU
		{2FFA8847-BA59-4C15-AEB4-B8FD140DCE58}.Debug|x64.ActiveCfg = Debug|Any CPU
		{2FFA8847-BA59-4C15-AEB4-B8FD140DCE58}.Debug|x64.Build.0 = Debug|Any CPU
		{2FFA8847-BA59-4C15-AEB4-B8FD140DCE58}.Debug|x86.ActiveCfg = Debug|Any CPU
		{2FFA8847-BA59-4C15-AEB4-B8FD140DCE58}.Debug|x86.Build.0 = Debug|Any CPU
		{2FFA8847-BA59-4C15-AEB4-B8FD140DCE58}.Release|Any CPU.ActiveCfg = Release|Any CPU
		{2FFA8847-BA59-4C15-AEB4-B8FD140DCE58}.Release|Any CPU.Build.0 = Release|Any CPU
		{2FFA8847-BA59-4C15-AEB4-B8FD140DCE58}.Release|x64.ActiveCfg = Release|Any CPU
		{2FFA8847-BA59-4C15-AEB4-B8FD140DCE58}.Release|x64.Build.0 = Release|Any CPU
		{2FFA8847-BA59-4C15-AEB4-B8FD140DCE58}.Release|x86.ActiveCfg = Release|Any CPU
		{2FFA8847-BA59-4C15-AEB4-B8FD140DCE58}.Release|x86.Build.0 = Release|Any CPU
		{EE691D33-3754-4E42-96C7-AB2AF43A3763}.Debug|Any CPU.ActiveCfg = Debug|Any CPU
		{EE691D33-3754-4E42-96C7-AB2AF43A3763}.Debug|Any CPU.Build.0 = Debug|Any CPU
		{EE691D33-3754-4E42-96C7-AB2AF43A3763}.Debug|x64.ActiveCfg = Debug|Any CPU
		{EE691D33-3754-4E42-96C7-AB2AF43A3763}.Debug|x64.Build.0 = Debug|Any CPU
		{EE691D33-3754-4E42-96C7-AB2AF43A3763}.Debug|x86.ActiveCfg = Debug|Any CPU
		{EE691D33-3754-4E42-96C7-AB2AF43A3763}.Debug|x86.Build.0 = Debug|Any CPU
		{EE691D33-3754-4E42-96C7-AB2AF43A3763}.Release|Any CPU.ActiveCfg = Release|Any CPU
		{EE691D33-3754-4E42-96C7-AB2AF43A3763}.Release|Any CPU.Build.0 = Release|Any CPU
		{EE691D33-3754-4E42-96C7-AB2AF43A3763}.Release|x64.ActiveCfg = Release|Any CPU
		{EE691D33-3754-4E42-96C7-AB2AF43A3763}.Release|x64.Build.0 = Release|Any CPU
		{EE691D33-3754-4E42-96C7-AB2AF43A3763}.Release|x86.ActiveCfg = Release|Any CPU
		{EE691D33-3754-4E42-96C7-AB2AF43A3763}.Release|x86.Build.0 = Release|Any CPU
		{64E27C01-F9D0-4150-912E-027D18FA9599}.Debug|Any CPU.ActiveCfg = Debug|Any CPU
		{64E27C01-F9D0-4150-912E-027D18FA9599}.Debug|Any CPU.Build.0 = Debug|Any CPU
		{64E27C01-F9D0-4150-912E-027D18FA9599}.Debug|x64.ActiveCfg = Debug|Any CPU
		{64E27C01-F9D0-4150-912E-027D18FA9599}.Debug|x64.Build.0 = Debug|Any CPU
		{64E27C01-F9D0-4150-912E-027D18FA9599}.Debug|x86.ActiveCfg = Debug|Any CPU
		{64E27C01-F9D0-4150-912E-027D18FA9599}.Debug|x86.Build.0 = Debug|Any CPU
		{64E27C01-F9D0-4150-912E-027D18FA9599}.Release|Any CPU.ActiveCfg = Release|Any CPU
		{64E27C01-F9D0-4150-912E-027D18FA9599}.Release|Any CPU.Build.0 = Release|Any CPU
		{64E27C01-F9D0-4150-912E-027D18FA9599}.Release|x64.ActiveCfg = Release|Any CPU
		{64E27C01-F9D0-4150-912E-027D18FA9599}.Release|x64.Build.0 = Release|Any CPU
		{64E27C01-F9D0-4150-912E-027D18FA9599}.Release|x86.ActiveCfg = Release|Any CPU
		{64E27C01-F9D0-4150-912E-027D18FA9599}.Release|x86.Build.0 = Release|Any CPU
		{A7EAE210-4BEF-4EF5-9ECF-BB70AA0FB1CF}.Debug|Any CPU.ActiveCfg = Debug|Any CPU
		{A7EAE210-4BEF-4EF5-9ECF-BB70AA0FB1CF}.Debug|Any CPU.Build.0 = Debug|Any CPU
		{A7EAE210-4BEF-4EF5-9ECF-BB70AA0FB1CF}.Debug|x64.ActiveCfg = Debug|Any CPU
		{A7EAE210-4BEF-4EF5-9ECF-BB70AA0FB1CF}.Debug|x64.Build.0 = Debug|Any CPU
		{A7EAE210-4BEF-4EF5-9ECF-BB70AA0FB1CF}.Debug|x86.ActiveCfg = Debug|Any CPU
		{A7EAE210-4BEF-4EF5-9ECF-BB70AA0FB1CF}.Debug|x86.Build.0 = Debug|Any CPU
		{A7EAE210-4BEF-4EF5-9ECF-BB70AA0FB1CF}.Release|Any CPU.ActiveCfg = Release|Any CPU
		{A7EAE210-4BEF-4EF5-9ECF-BB70AA0FB1CF}.Release|Any CPU.Build.0 = Release|Any CPU
		{A7EAE210-4BEF-4EF5-9ECF-BB70AA0FB1CF}.Release|x64.ActiveCfg = Release|Any CPU
		{A7EAE210-4BEF-4EF5-9ECF-BB70AA0FB1CF}.Release|x64.Build.0 = Release|Any CPU
		{A7EAE210-4BEF-4EF5-9ECF-BB70AA0FB1CF}.Release|x86.ActiveCfg = Release|Any CPU
		{A7EAE210-4BEF-4EF5-9ECF-BB70AA0FB1CF}.Release|x86.Build.0 = Release|Any CPU
	EndGlobalSection
	GlobalSection(SolutionProperties) = preSolution
		HideSolutionNode = FALSE
	EndGlobalSection
	GlobalSection(NestedProjects) = preSolution
		{4F301B29-E47F-50F9-61F7-4B15E412488F} = {827E0CD3-B72D-47B6-A68D-7590B98EB39B}
		{16C9562D-28EC-48D0-A707-8CDE1A2297D8} = {827E0CD3-B72D-47B6-A68D-7590B98EB39B}
		{BD4DE157-23AD-4859-A970-3523AE861868} = {827E0CD3-B72D-47B6-A68D-7590B98EB39B}
		{903B8BA9-63F0-4966-9D92-2EDDAAD64680} = {827E0CD3-B72D-47B6-A68D-7590B98EB39B}
		{3D3400C5-F457-456C-9017-FF85731012A5} = {827E0CD3-B72D-47B6-A68D-7590B98EB39B}
		{2FFA8847-BA59-4C15-AEB4-B8FD140DCE58} = {827E0CD3-B72D-47B6-A68D-7590B98EB39B}
		{EE691D33-3754-4E42-96C7-AB2AF43A3763} = {827E0CD3-B72D-47B6-A68D-7590B98EB39B}
		{64E27C01-F9D0-4150-912E-027D18FA9599} = {827E0CD3-B72D-47B6-A68D-7590B98EB39B}
		{A7EAE210-4BEF-4EF5-9ECF-BB70AA0FB1CF} = {827E0CD3-B72D-47B6-A68D-7590B98EB39B}
	EndGlobalSection
	GlobalSection(ExtensibilityGlobals) = postSolution
		SolutionGuid = {F9F3E2E4-C994-4172-8413-A48214587F8A}
	EndGlobalSection
EndGlobal
